
Microsoft Visual Studio Solution File, Format Version 12.00
Project("{2150E333-8FDC-42A3-9474-1A3956D46DE8}") = "Blazor", "Blazor", "{831FB36B-1AC6-45E1-9AC2-B8796F1503C5}"
EndProject
Project("{FAE04EC0-301F-11D3-BF4B-00C04F79EFBC}") = "TodoTutorial", "Blazor\TodoTutorial\TodoTutorial.csproj", "{360361BF-75CC-4326-88C7-97BC5722F36B}"
EndProject
Project("{2150E333-8FDC-42A3-9474-1A3956D46DE8}") = "AsyncAwait", "AsyncAwait", "{7BE5BE73-D22B-426D-BC86-697A396062A8}"
EndProject
Project("{FAE04EC0-301F-11D3-BF4B-00C04F79EFBC}") = "Breakfast", "AsyncAwait\Breakfast\Breakfast.csproj", "{C973005D-136F-417C-9185-082197FF8BAD}"
EndProject
Project("{FAE04EC0-301F-11D3-BF4B-00C04F79EFBC}") = "SimpleExample", "AsyncAwait\SimpleExample\SimpleExample.csproj", "{19698009-9BFE-4ADB-A9DB-1CA35D0E4C70}"
EndProject
Project("{FAE04EC0-301F-11D3-BF4B-00C04F79EFBC}") = "BlazorAsyncDemo", "Blazor\BlazorAsyncDemo\BlazorAsyncDemo.csproj", "{A49F6F98-0A05-46AE-A91A-432BDD02F92B}"
EndProject
Project("{FAE04EC0-301F-11D3-BF4B-00C04F79EFBC}") = "Examples", "Examples\Examples\Examples.csproj", "{6564731D-F366-4FA0-8882-21F027420534}"
EndProject
Global
	GlobalSection(SolutionConfigurationPlatforms) = preSolution
		Debug|Any CPU = Debug|Any CPU
		Release|Any CPU = Release|Any CPU
	EndGlobalSection
	GlobalSection(NestedProjects) = preSolution
		{360361BF-75CC-4326-88C7-97BC5722F36B} = {831FB36B-1AC6-45E1-9AC2-B8796F1503C5}
		{C973005D-136F-417C-9185-082197FF8BAD} = {7BE5BE73-D22B-426D-BC86-697A396062A8}
		{19698009-9BFE-4ADB-A9DB-1CA35D0E4C70} = {7BE5BE73-D22B-426D-BC86-697A396062A8}
		{A49F6F98-0A05-46AE-A91A-432BDD02F92B} = {831FB36B-1AC6-45E1-9AC2-B8796F1503C5}
	EndGlobalSection
	GlobalSection(ProjectConfigurationPlatforms) = postSolution
		{360361BF-75CC-4326-88C7-97BC5722F36B}.Debug|Any CPU.ActiveCfg = Debug|Any CPU
		{360361BF-75CC-4326-88C7-97BC5722F36B}.Debug|Any CPU.Build.0 = Debug|Any CPU
		{360361BF-75CC-4326-88C7-97BC5722F36B}.Release|Any CPU.ActiveCfg = Release|Any CPU
		{360361BF-75CC-4326-88C7-97BC5722F36B}.Release|Any CPU.Build.0 = Release|Any CPU
		{C973005D-136F-417C-9185-082197FF8BAD}.Debug|Any CPU.ActiveCfg = Debug|Any CPU
		{C973005D-136F-417C-9185-082197FF8BAD}.Debug|Any CPU.Build.0 = Debug|Any CPU
		{C973005D-136F-417C-9185-082197FF8BAD}.Release|Any CPU.ActiveCfg = Release|Any CPU
		{C973005D-136F-417C-9185-082197FF8BAD}.Release|Any CPU.Build.0 = Release|Any CPU
		{19698009-9BFE-4ADB-A9DB-1CA35D0E4C70}.Debug|Any CPU.ActiveCfg = Debug|Any CPU
		{19698009-9BFE-4ADB-A9DB-1CA35D0E4C70}.Debug|Any CPU.Build.0 = Debug|Any CPU
		{19698009-9BFE-4ADB-A9DB-1CA35D0E4C70}.Release|Any CPU.ActiveCfg = Release|Any CPU
		{19698009-9BFE-4ADB-A9DB-1CA35D0E4C70}.Release|Any CPU.Build.0 = Release|Any CPU
		{A49F6F98-0A05-46AE-A91A-432BDD02F92B}.Debug|Any CPU.ActiveCfg = Debug|Any CPU
		{A49F6F98-0A05-46AE-A91A-432BDD02F92B}.Debug|Any CPU.Build.0 = Debug|Any CPU
		{A49F6F98-0A05-46AE-A91A-432BDD02F92B}.Release|Any CPU.ActiveCfg = Release|Any CPU
		{A49F6F98-0A05-46AE-A91A-432BDD02F92B}.Release|Any CPU.Build.0 = Release|Any CPU
		{6564731D-F366-4FA0-8882-21F027420534}.Debug|Any CPU.ActiveCfg = Debug|Any CPU
		{6564731D-F366-4FA0-8882-21F027420534}.Debug|Any CPU.Build.0 = Debug|Any CPU
		{6564731D-F366-4FA0-8882-21F027420534}.Release|Any CPU.ActiveCfg = Release|Any CPU
		{6564731D-F366-4FA0-8882-21F027420534}.Release|Any CPU.Build.0 = Release|Any CPU
	EndGlobalSection
EndGlobal
