
Microsoft Visual Studio Solution File, Format Version 12.00
Project("{2150E333-8FDC-42A3-9474-1A3956D46DE8}") = "Blazor", "Blazor", "{831FB36B-1AC6-45E1-9AC2-B8796F1503C5}"
EndProject
Project("{2150E333-8FDC-42A3-9474-1A3956D46DE8}") = "EFC", "EFC", "{8EA2853C-4633-4F66-955E-C8474B35A1FE}"
EndProject
Project("{FAE04EC0-301F-11D3-BF4B-00C04F79EFBC}") = "TodoTutorial", "Blazor\TodoTutorial\TodoTutorial.csproj", "{360361BF-75CC-4326-88C7-97BC5722F36B}"
EndProject
Project("{2150E333-8FDC-42A3-9474-1A3956D46DE8}") = "Examples", "Examples", "{22E4D13F-F842-48DA-B29B-A0F93CC0BC70}"
EndProject
Project("{FAE04EC0-301F-11D3-BF4B-00C04F79EFBC}") = "Constructor", "Examples\Constructor\Constructor.csproj", "{0D5EB718-9262-4D81-8670-3DB67D825141}"
EndProject
Project("{2150E333-8FDC-42A3-9474-1A3956D46DE8}") = "RabbitMQ", "RabbitMQ", "{FEA53FF4-172E-4059-86E1-04311A162E12}"
EndProject
Project("{FAE04EC0-301F-11D3-BF4B-00C04F79EFBC}") = "HelloWorldClient", "RabbitMQ\HelloWorldClient\HelloWorldClient.csproj", "{D21AD922-3941-4B7B-BC41-7B3E89F6D66F}"
EndProject
Project("{FAE04EC0-301F-11D3-BF4B-00C04F79EFBC}") = "HelloWorldServer", "RabbitMQ\HelloWorldServer\HelloWorldServer.csproj", "{F0C6192F-00C6-42E1-ADDF-B179C2BDA6C9}"
EndProject
Project("{2150E333-8FDC-42A3-9474-1A3956D46DE8}") = "Session1", "Session1", "{9F519AB9-0314-4FB8-9259-2EC2EAFACC99}"
EndProject
Project("{FAE04EC0-301F-11D3-BF4B-00C04F79EFBC}") = "Clumps", "Session1\Clumps\Clumps.csproj", "{9514365F-50DD-4BC8-8A54-F619C0B71821}"
EndProject
Project("{FAE04EC0-301F-11D3-BF4B-00C04F79EFBC}") = "M2Mtest", "EFC\M2Mtest\M2Mtest.csproj", "{7A68092B-A1E4-4F4B-8CE9-28850D3DD163}"
EndProject
Project("{2150E333-8FDC-42A3-9474-1A3956D46DE8}") = "Delegates", "Delegates", "{36E1693C-3601-41C5-827E-0A5C723F3A65}"
EndProject
Project("{FAE04EC0-301F-11D3-BF4B-00C04F79EFBC}") = "CallbackExample", "Delegates\CallbackExample\CallbackExample.csproj", "{E8EF686A-D48E-4EA5-B6F5-BE24F6D97A5C}"
EndProject
Project("{2150E333-8FDC-42A3-9474-1A3956D46DE8}") = "JSON", "JSON", "{054A8737-33D1-46C3-A3BB-C52EDB4C7C4C}"
EndProject
Project("{FAE04EC0-301F-11D3-BF4B-00C04F79EFBC}") = "JSON", "JSON\JSON\JSON.csproj", "{FC3760D5-7ED0-4FDD-AC23-D6308CA1EE83}"
EndProject
Project("{FAE04EC0-301F-11D3-BF4B-00C04F79EFBC}") = "CodeBehind", "Blazor\CodeBehind\CodeBehind.csproj", "{F650BD2D-DB8D-40E7-9C4D-655BCCDD975D}"
EndProject
Project("{FAE04EC0-301F-11D3-BF4B-00C04F79EFBC}") = "DefaultBlazorProject", "Blazor\DefaultBlazorProject\DefaultBlazorProject.csproj", "{BEABD9B6-DD71-42E9-A0BD-6BBAA4C3988B}"
EndProject
Project("{2150E333-8FDC-42A3-9474-1A3956D46DE8}") = "AsyncAwait", "AsyncAwait", "{7BE5BE73-D22B-426D-BC86-697A396062A8}"
EndProject
Project("{FAE04EC0-301F-11D3-BF4B-00C04F79EFBC}") = "Breakfast", "AsyncAwait\Breakfast\Breakfast.csproj", "{C973005D-136F-417C-9185-082197FF8BAD}"
EndProject
Project("{FAE04EC0-301F-11D3-BF4B-00C04F79EFBC}") = "SimpleExample", "AsyncAwait\SimpleExample\SimpleExample.csproj", "{19698009-9BFE-4ADB-A9DB-1CA35D0E4C70}"
EndProject
Project("{FAE04EC0-301F-11D3-BF4B-00C04F79EFBC}") = "BlazorAsyncDemo", "Blazor\BlazorAsyncDemo\BlazorAsyncDemo.csproj", "{A49F6F98-0A05-46AE-A91A-432BDD02F92B}"
EndProject
Global
	GlobalSection(SolutionConfigurationPlatforms) = preSolution
		Debug|Any CPU = Debug|Any CPU
		Release|Any CPU = Release|Any CPU
	EndGlobalSection
	GlobalSection(NestedProjects) = preSolution
		{360361BF-75CC-4326-88C7-97BC5722F36B} = {831FB36B-1AC6-45E1-9AC2-B8796F1503C5}
		{0D5EB718-9262-4D81-8670-3DB67D825141} = {22E4D13F-F842-48DA-B29B-A0F93CC0BC70}
		{D21AD922-3941-4B7B-BC41-7B3E89F6D66F} = {FEA53FF4-172E-4059-86E1-04311A162E12}
		{F0C6192F-00C6-42E1-ADDF-B179C2BDA6C9} = {FEA53FF4-172E-4059-86E1-04311A162E12}
		{9514365F-50DD-4BC8-8A54-F619C0B71821} = {9F519AB9-0314-4FB8-9259-2EC2EAFACC99}
		{7A68092B-A1E4-4F4B-8CE9-28850D3DD163} = {8EA2853C-4633-4F66-955E-C8474B35A1FE}
		{E8EF686A-D48E-4EA5-B6F5-BE24F6D97A5C} = {36E1693C-3601-41C5-827E-0A5C723F3A65}
		{FC3760D5-7ED0-4FDD-AC23-D6308CA1EE83} = {054A8737-33D1-46C3-A3BB-C52EDB4C7C4C}
		{F650BD2D-DB8D-40E7-9C4D-655BCCDD975D} = {831FB36B-1AC6-45E1-9AC2-B8796F1503C5}
		{BEABD9B6-DD71-42E9-A0BD-6BBAA4C3988B} = {831FB36B-1AC6-45E1-9AC2-B8796F1503C5}
		{C973005D-136F-417C-9185-082197FF8BAD} = {7BE5BE73-D22B-426D-BC86-697A396062A8}
		{19698009-9BFE-4ADB-A9DB-1CA35D0E4C70} = {7BE5BE73-D22B-426D-BC86-697A396062A8}
		{A49F6F98-0A05-46AE-A91A-432BDD02F92B} = {831FB36B-1AC6-45E1-9AC2-B8796F1503C5}
	EndGlobalSection
	GlobalSection(ProjectConfigurationPlatforms) = postSolution
		{360361BF-75CC-4326-88C7-97BC5722F36B}.Debug|Any CPU.ActiveCfg = Debug|Any CPU
		{360361BF-75CC-4326-88C7-97BC5722F36B}.Debug|Any CPU.Build.0 = Debug|Any CPU
		{360361BF-75CC-4326-88C7-97BC5722F36B}.Release|Any CPU.ActiveCfg = Release|Any CPU
		{360361BF-75CC-4326-88C7-97BC5722F36B}.Release|Any CPU.Build.0 = Release|Any CPU
		{0D5EB718-9262-4D81-8670-3DB67D825141}.Debug|Any CPU.ActiveCfg = Debug|Any CPU
		{0D5EB718-9262-4D81-8670-3DB67D825141}.Debug|Any CPU.Build.0 = Debug|Any CPU
		{0D5EB718-9262-4D81-8670-3DB67D825141}.Release|Any CPU.ActiveCfg = Release|Any CPU
		{0D5EB718-9262-4D81-8670-3DB67D825141}.Release|Any CPU.Build.0 = Release|Any CPU
		{D21AD922-3941-4B7B-BC41-7B3E89F6D66F}.Debug|Any CPU.ActiveCfg = Debug|Any CPU
		{D21AD922-3941-4B7B-BC41-7B3E89F6D66F}.Debug|Any CPU.Build.0 = Debug|Any CPU
		{D21AD922-3941-4B7B-BC41-7B3E89F6D66F}.Release|Any CPU.ActiveCfg = Release|Any CPU
		{D21AD922-3941-4B7B-BC41-7B3E89F6D66F}.Release|Any CPU.Build.0 = Release|Any CPU
		{F0C6192F-00C6-42E1-ADDF-B179C2BDA6C9}.Debug|Any CPU.ActiveCfg = Debug|Any CPU
		{F0C6192F-00C6-42E1-ADDF-B179C2BDA6C9}.Debug|Any CPU.Build.0 = Debug|Any CPU
		{F0C6192F-00C6-42E1-ADDF-B179C2BDA6C9}.Release|Any CPU.ActiveCfg = Release|Any CPU
		{F0C6192F-00C6-42E1-ADDF-B179C2BDA6C9}.Release|Any CPU.Build.0 = Release|Any CPU
		{9514365F-50DD-4BC8-8A54-F619C0B71821}.Debug|Any CPU.ActiveCfg = Debug|Any CPU
		{9514365F-50DD-4BC8-8A54-F619C0B71821}.Debug|Any CPU.Build.0 = Debug|Any CPU
		{9514365F-50DD-4BC8-8A54-F619C0B71821}.Release|Any CPU.ActiveCfg = Release|Any CPU
		{9514365F-50DD-4BC8-8A54-F619C0B71821}.Release|Any CPU.Build.0 = Release|Any CPU
		{7A68092B-A1E4-4F4B-8CE9-28850D3DD163}.Debug|Any CPU.ActiveCfg = Debug|Any CPU
		{7A68092B-A1E4-4F4B-8CE9-28850D3DD163}.Debug|Any CPU.Build.0 = Debug|Any CPU
		{7A68092B-A1E4-4F4B-8CE9-28850D3DD163}.Release|Any CPU.ActiveCfg = Release|Any CPU
		{7A68092B-A1E4-4F4B-8CE9-28850D3DD163}.Release|Any CPU.Build.0 = Release|Any CPU
		{E8EF686A-D48E-4EA5-B6F5-BE24F6D97A5C}.Debug|Any CPU.ActiveCfg = Debug|Any CPU
		{E8EF686A-D48E-4EA5-B6F5-BE24F6D97A5C}.Debug|Any CPU.Build.0 = Debug|Any CPU
		{E8EF686A-D48E-4EA5-B6F5-BE24F6D97A5C}.Release|Any CPU.ActiveCfg = Release|Any CPU
		{E8EF686A-D48E-4EA5-B6F5-BE24F6D97A5C}.Release|Any CPU.Build.0 = Release|Any CPU
		{FC3760D5-7ED0-4FDD-AC23-D6308CA1EE83}.Debug|Any CPU.ActiveCfg = Debug|Any CPU
		{FC3760D5-7ED0-4FDD-AC23-D6308CA1EE83}.Debug|Any CPU.Build.0 = Debug|Any CPU
		{FC3760D5-7ED0-4FDD-AC23-D6308CA1EE83}.Release|Any CPU.ActiveCfg = Release|Any CPU
		{FC3760D5-7ED0-4FDD-AC23-D6308CA1EE83}.Release|Any CPU.Build.0 = Release|Any CPU
		{F650BD2D-DB8D-40E7-9C4D-655BCCDD975D}.Debug|Any CPU.ActiveCfg = Debug|Any CPU
		{F650BD2D-DB8D-40E7-9C4D-655BCCDD975D}.Debug|Any CPU.Build.0 = Debug|Any CPU
		{F650BD2D-DB8D-40E7-9C4D-655BCCDD975D}.Release|Any CPU.ActiveCfg = Release|Any CPU
		{F650BD2D-DB8D-40E7-9C4D-655BCCDD975D}.Release|Any CPU.Build.0 = Release|Any CPU
		{BEABD9B6-DD71-42E9-A0BD-6BBAA4C3988B}.Debug|Any CPU.ActiveCfg = Debug|Any CPU
		{BEABD9B6-DD71-42E9-A0BD-6BBAA4C3988B}.Debug|Any CPU.Build.0 = Debug|Any CPU
		{BEABD9B6-DD71-42E9-A0BD-6BBAA4C3988B}.Release|Any CPU.ActiveCfg = Release|Any CPU
		{BEABD9B6-DD71-42E9-A0BD-6BBAA4C3988B}.Release|Any CPU.Build.0 = Release|Any CPU
		{C973005D-136F-417C-9185-082197FF8BAD}.Debug|Any CPU.ActiveCfg = Debug|Any CPU
		{C973005D-136F-417C-9185-082197FF8BAD}.Debug|Any CPU.Build.0 = Debug|Any CPU
		{C973005D-136F-417C-9185-082197FF8BAD}.Release|Any CPU.ActiveCfg = Release|Any CPU
		{C973005D-136F-417C-9185-082197FF8BAD}.Release|Any CPU.Build.0 = Release|Any CPU
		{19698009-9BFE-4ADB-A9DB-1CA35D0E4C70}.Debug|Any CPU.ActiveCfg = Debug|Any CPU
		{19698009-9BFE-4ADB-A9DB-1CA35D0E4C70}.Debug|Any CPU.Build.0 = Debug|Any CPU
		{19698009-9BFE-4ADB-A9DB-1CA35D0E4C70}.Release|Any CPU.ActiveCfg = Release|Any CPU
		{19698009-9BFE-4ADB-A9DB-1CA35D0E4C70}.Release|Any CPU.Build.0 = Release|Any CPU
		{A49F6F98-0A05-46AE-A91A-432BDD02F92B}.Debug|Any CPU.ActiveCfg = Debug|Any CPU
		{A49F6F98-0A05-46AE-A91A-432BDD02F92B}.Debug|Any CPU.Build.0 = Debug|Any CPU
		{A49F6F98-0A05-46AE-A91A-432BDD02F92B}.Release|Any CPU.ActiveCfg = Release|Any CPU
		{A49F6F98-0A05-46AE-A91A-432BDD02F92B}.Release|Any CPU.Build.0 = Release|Any CPU
	EndGlobalSection
EndGlobal
