
Microsoft Visual Studio Solution File, Format Version 12.00
Project("{2150E333-8FDC-42A3-9474-1A3956D46DE8}") = "Blazor", "Blazor", "{831FB36B-1AC6-45E1-9AC2-B8796F1503C5}"
EndProject
Project("{2150E333-8FDC-42A3-9474-1A3956D46DE8}") = "EFC", "EFC", "{8EA2853C-4633-4F66-955E-C8474B35A1FE}"
EndProject
Project("{FAE04EC0-301F-11D3-BF4B-00C04F79EFBC}") = "TodoTutorial", "Blazor\TodoTutorial\TodoTutorial.csproj", "{360361BF-75CC-4326-88C7-97BC5722F36B}"
EndProject
Project("{2150E333-8FDC-42A3-9474-1A3956D46DE8}") = "Examples", "Examples", "{22E4D13F-F842-48DA-B29B-A0F93CC0BC70}"
EndProject
Project("{FAE04EC0-301F-11D3-BF4B-00C04F79EFBC}") = "Constructor", "Examples\Constructor\Constructor.csproj", "{0D5EB718-9262-4D81-8670-3DB67D825141}"
EndProject
Project("{2150E333-8FDC-42A3-9474-1A3956D46DE8}") = "RabbitMQ", "RabbitMQ", "{FEA53FF4-172E-4059-86E1-04311A162E12}"
EndProject
Project("{FAE04EC0-301F-11D3-BF4B-00C04F79EFBC}") = "HelloWorldClient", "RabbitMQ\HelloWorldClient\HelloWorldClient.csproj", "{D21AD922-3941-4B7B-BC41-7B3E89F6D66F}"
EndProject
Project("{FAE04EC0-301F-11D3-BF4B-00C04F79EFBC}") = "HelloWorldServer", "RabbitMQ\HelloWorldServer\HelloWorldServer.csproj", "{F0C6192F-00C6-42E1-ADDF-B179C2BDA6C9}"
EndProject
Project("{2150E333-8FDC-42A3-9474-1A3956D46DE8}") = "Session1", "Session1", "{9F519AB9-0314-4FB8-9259-2EC2EAFACC99}"
EndProject
Project("{FAE04EC0-301F-11D3-BF4B-00C04F79EFBC}") = "Clumps", "Session1\Clumps\Clumps.csproj", "{9514365F-50DD-4BC8-8A54-F619C0B71821}"
EndProject
Global
	GlobalSection(SolutionConfigurationPlatforms) = preSolution
		Debug|Any CPU = Debug|Any CPU
		Release|Any CPU = Release|Any CPU
	EndGlobalSection
	GlobalSection(NestedProjects) = preSolution
		{360361BF-75CC-4326-88C7-97BC5722F36B} = {831FB36B-1AC6-45E1-9AC2-B8796F1503C5}
		{0D5EB718-9262-4D81-8670-3DB67D825141} = {22E4D13F-F842-48DA-B29B-A0F93CC0BC70}
		{D21AD922-3941-4B7B-BC41-7B3E89F6D66F} = {FEA53FF4-172E-4059-86E1-04311A162E12}
		{F0C6192F-00C6-42E1-ADDF-B179C2BDA6C9} = {FEA53FF4-172E-4059-86E1-04311A162E12}
		{9514365F-50DD-4BC8-8A54-F619C0B71821} = {9F519AB9-0314-4FB8-9259-2EC2EAFACC99}
	EndGlobalSection
	GlobalSection(ProjectConfigurationPlatforms) = postSolution
		{360361BF-75CC-4326-88C7-97BC5722F36B}.Debug|Any CPU.ActiveCfg = Debug|Any CPU
		{360361BF-75CC-4326-88C7-97BC5722F36B}.Debug|Any CPU.Build.0 = Debug|Any CPU
		{360361BF-75CC-4326-88C7-97BC5722F36B}.Release|Any CPU.ActiveCfg = Release|Any CPU
		{360361BF-75CC-4326-88C7-97BC5722F36B}.Release|Any CPU.Build.0 = Release|Any CPU
		{0D5EB718-9262-4D81-8670-3DB67D825141}.Debug|Any CPU.ActiveCfg = Debug|Any CPU
		{0D5EB718-9262-4D81-8670-3DB67D825141}.Debug|Any CPU.Build.0 = Debug|Any CPU
		{0D5EB718-9262-4D81-8670-3DB67D825141}.Release|Any CPU.ActiveCfg = Release|Any CPU
		{0D5EB718-9262-4D81-8670-3DB67D825141}.Release|Any CPU.Build.0 = Release|Any CPU
		{D21AD922-3941-4B7B-BC41-7B3E89F6D66F}.Debug|Any CPU.ActiveCfg = Debug|Any CPU
		{D21AD922-3941-4B7B-BC41-7B3E89F6D66F}.Debug|Any CPU.Build.0 = Debug|Any CPU
		{D21AD922-3941-4B7B-BC41-7B3E89F6D66F}.Release|Any CPU.ActiveCfg = Release|Any CPU
		{D21AD922-3941-4B7B-BC41-7B3E89F6D66F}.Release|Any CPU.Build.0 = Release|Any CPU
		{F0C6192F-00C6-42E1-ADDF-B179C2BDA6C9}.Debug|Any CPU.ActiveCfg = Debug|Any CPU
		{F0C6192F-00C6-42E1-ADDF-B179C2BDA6C9}.Debug|Any CPU.Build.0 = Debug|Any CPU
		{F0C6192F-00C6-42E1-ADDF-B179C2BDA6C9}.Release|Any CPU.ActiveCfg = Release|Any CPU
		{F0C6192F-00C6-42E1-ADDF-B179C2BDA6C9}.Release|Any CPU.Build.0 = Release|Any CPU
		{9514365F-50DD-4BC8-8A54-F619C0B71821}.Debug|Any CPU.ActiveCfg = Debug|Any CPU
		{9514365F-50DD-4BC8-8A54-F619C0B71821}.Debug|Any CPU.Build.0 = Debug|Any CPU
		{9514365F-50DD-4BC8-8A54-F619C0B71821}.Release|Any CPU.ActiveCfg = Release|Any CPU
		{9514365F-50DD-4BC8-8A54-F619C0B71821}.Release|Any CPU.Build.0 = Release|Any CPU
	EndGlobalSection
EndGlobal
